
Microsoft Visual Studio Solution File, Format Version 12.00
# Visual Studio Version 16
VisualStudioVersion = 16.0.29613.14
MinimumVisualStudioVersion = 10.0.40219.1
Project("{FAE04EC0-301F-11D3-BF4B-00C04F79EFBC}") = "WebApiTraining", "WebApiTraining.csproj", "{C51E4EC9-0A9A-477E-8E63-EC9D77E67ABF}"
EndProject
Global
	GlobalSection(SolutionConfigurationPlatforms) = preSolution
		Debug|Any CPU = Debug|Any CPU
		Release|Any CPU = Release|Any CPU
	EndGlobalSection
	GlobalSection(ProjectConfigurationPlatforms) = postSolution
		{C51E4EC9-0A9A-477E-8E63-EC9D77E67ABF}.Debug|Any CPU.ActiveCfg = Debug|Any CPU
		{C51E4EC9-0A9A-477E-8E63-EC9D77E67ABF}.Debug|Any CPU.Build.0 = Debug|Any CPU
		{C51E4EC9-0A9A-477E-8E63-EC9D77E67ABF}.Release|Any CPU.ActiveCfg = Release|Any CPU
		{C51E4EC9-0A9A-477E-8E63-EC9D77E67ABF}.Release|Any CPU.Build.0 = Release|Any CPU
	EndGlobalSection
	GlobalSection(SolutionProperties) = preSolution
		HideSolutionNode = FALSE
	EndGlobalSection
	GlobalSection(ExtensibilityGlobals) = postSolution
		SolutionGuid = {AEFD1FA0-4E62-4986-A0AF-4DDDD7726ADD}
	EndGlobalSection
EndGlobal
